
Microsoft Visual Studio Solution File, Format Version 12.00
# Visual Studio Version 16
VisualStudioVersion = 16.0.33529.622
MinimumVisualStudioVersion = 10.0.40219.1
Project("{888888A0-9F3D-457C-B088-3A5042F75D52}") = "visualanalyzer", "visualanalyzer\visualanalyzer_vs.pyproj", "{5C286450-7870-4672-A00A-06BEC322BBDF}"
EndProject
Global
	GlobalSection(SolutionConfigurationPlatforms) = preSolution
		Debug|Any CPU = Debug|Any CPU
		Release|Any CPU = Release|Any CPU
	EndGlobalSection
	GlobalSection(ProjectConfigurationPlatforms) = postSolution
		{5C286450-7870-4672-A00A-06BEC322BBDF}.Debug|Any CPU.ActiveCfg = Debug|Any CPU
		{5C286450-7870-4672-A00A-06BEC322BBDF}.Release|Any CPU.ActiveCfg = Release|Any CPU
	EndGlobalSection
	GlobalSection(SolutionProperties) = preSolution
		HideSolutionNode = FALSE
	EndGlobalSection
	GlobalSection(ExtensibilityGlobals) = postSolution
		SolutionGuid = {184D6123-E551-4EDC-9F6A-6A11256DB11D}
	EndGlobalSection
EndGlobal
